
Microsoft Visual Studio Solution File, Format Version 12.00
# Visual Studio Version 17
VisualStudioVersion = 17.13.35931.197 d17.13
MinimumVisualStudioVersion = 10.0.40219.1
Project("{FAE04EC0-301F-11D3-BF4B-00C04F79EFBC}") = "Person-Class-Basics-01", "Person-Class-Basics-01\Person-Class-Basics-01.csproj", "{77F1F0E9-C00D-44C9-897D-88A0A59BD9DA}"
EndProject
Global
	GlobalSection(SolutionConfigurationPlatforms) = preSolution
		Debug|Any CPU = Debug|Any CPU
		Release|Any CPU = Release|Any CPU
	EndGlobalSection
	GlobalSection(ProjectConfigurationPlatforms) = postSolution
		{77F1F0E9-C00D-44C9-897D-88A0A59BD9DA}.Debug|Any CPU.ActiveCfg = Debug|Any CPU
		{77F1F0E9-C00D-44C9-897D-88A0A59BD9DA}.Debug|Any CPU.Build.0 = Debug|Any CPU
		{77F1F0E9-C00D-44C9-897D-88A0A59BD9DA}.Release|Any CPU.ActiveCfg = Release|Any CPU
		{77F1F0E9-C00D-44C9-897D-88A0A59BD9DA}.Release|Any CPU.Build.0 = Release|Any CPU
	EndGlobalSection
	GlobalSection(SolutionProperties) = preSolution
		HideSolutionNode = FALSE
	EndGlobalSection
	GlobalSection(ExtensibilityGlobals) = postSolution
		SolutionGuid = {BF42E230-67BF-4431-9601-547E8FEEBD0D}
	EndGlobalSection
EndGlobal
