
Microsoft Visual Studio Solution File, Format Version 12.00
# Visual Studio Version 17
VisualStudioVersion = 17.13.35931.197 d17.13
MinimumVisualStudioVersion = 10.0.40219.1
Project("{FAE04EC0-301F-11D3-BF4B-00C04F79EFBC}") = "Encapsulation-02", "Encapsulation-02\Encapsulation-02.csproj", "{C9DBCBDC-C6CF-4E93-BD24-A2262BE4B6C0}"
EndProject
Global
	GlobalSection(SolutionConfigurationPlatforms) = preSolution
		Debug|Any CPU = Debug|Any CPU
		Release|Any CPU = Release|Any CPU
	EndGlobalSection
	GlobalSection(ProjectConfigurationPlatforms) = postSolution
		{C9DBCBDC-C6CF-4E93-BD24-A2262BE4B6C0}.Debug|Any CPU.ActiveCfg = Debug|Any CPU
		{C9DBCBDC-C6CF-4E93-BD24-A2262BE4B6C0}.Debug|Any CPU.Build.0 = Debug|Any CPU
		{C9DBCBDC-C6CF-4E93-BD24-A2262BE4B6C0}.Release|Any CPU.ActiveCfg = Release|Any CPU
		{C9DBCBDC-C6CF-4E93-BD24-A2262BE4B6C0}.Release|Any CPU.Build.0 = Release|Any CPU
	EndGlobalSection
	GlobalSection(SolutionProperties) = preSolution
		HideSolutionNode = FALSE
	EndGlobalSection
	GlobalSection(ExtensibilityGlobals) = postSolution
		SolutionGuid = {6C313880-8786-4359-8C0B-62DA992EBE1D}
	EndGlobalSection
EndGlobal
